
Microsoft Visual Studio Solution File, Format Version 12.00
# Visual Studio Version 17
VisualStudioVersion = 17.0.31903.59
MinimumVisualStudioVersion = 10.0.40219.1
Project("{FAE04EC0-301F-11D3-BF4B-00C04F79EFBC}") = "RawClient", "src\Clients\RawClient\RawClient.csproj", "{D84568FD-99E8-48A0-8F77-9E668D18A838}"
EndProject
Project("{FAE04EC0-301F-11D3-BF4B-00C04F79EFBC}") = "MoreManagedClient", "src\Clients\MoreManagedClient\MoreManagedClient.csproj", "{7715441D-E1E1-434C-B887-3B81E0CEA637}"
EndProject
Project("{FAE04EC0-301F-11D3-BF4B-00C04F79EFBC}") = "SimpleAppWithSingleTopicListener", "src\Apps\SimpleAppWithSingleTopicListener\SimpleAppWithSingleTopicListener.csproj", "{0CC19D22-1310-46B5-B27B-AC4AF0C31FC9}"
EndProject
Project("{2150E333-8FDC-42A3-9474-1A3956D46DE8}") = "Apps", "Apps", "{8B65A748-5F4C-49B7-8874-1A33860AE271}"
EndProject
Global
	GlobalSection(SolutionConfigurationPlatforms) = preSolution
		Debug|Any CPU = Debug|Any CPU
		Release|Any CPU = Release|Any CPU
	EndGlobalSection
	GlobalSection(SolutionProperties) = preSolution
		HideSolutionNode = FALSE
	EndGlobalSection
	GlobalSection(NestedProjects) = preSolution
		{7715441D-E1E1-434C-B887-3B81E0CEA637} = {8B65A748-5F4C-49B7-8874-1A33860AE271}
		{D84568FD-99E8-48A0-8F77-9E668D18A838} = {8B65A748-5F4C-49B7-8874-1A33860AE271}
		{0CC19D22-1310-46B5-B27B-AC4AF0C31FC9} = {8B65A748-5F4C-49B7-8874-1A33860AE271}
	EndGlobalSection
	GlobalSection(ProjectConfigurationPlatforms) = postSolution
		{D84568FD-99E8-48A0-8F77-9E668D18A838}.Debug|Any CPU.ActiveCfg = Debug|Any CPU
		{D84568FD-99E8-48A0-8F77-9E668D18A838}.Debug|Any CPU.Build.0 = Debug|Any CPU
		{D84568FD-99E8-48A0-8F77-9E668D18A838}.Release|Any CPU.ActiveCfg = Release|Any CPU
		{D84568FD-99E8-48A0-8F77-9E668D18A838}.Release|Any CPU.Build.0 = Release|Any CPU
		{7715441D-E1E1-434C-B887-3B81E0CEA637}.Debug|Any CPU.ActiveCfg = Debug|Any CPU
		{7715441D-E1E1-434C-B887-3B81E0CEA637}.Debug|Any CPU.Build.0 = Debug|Any CPU
		{7715441D-E1E1-434C-B887-3B81E0CEA637}.Release|Any CPU.ActiveCfg = Release|Any CPU
		{7715441D-E1E1-434C-B887-3B81E0CEA637}.Release|Any CPU.Build.0 = Release|Any CPU
		{0CC19D22-1310-46B5-B27B-AC4AF0C31FC9}.Debug|Any CPU.ActiveCfg = Debug|Any CPU
		{0CC19D22-1310-46B5-B27B-AC4AF0C31FC9}.Debug|Any CPU.Build.0 = Debug|Any CPU
		{0CC19D22-1310-46B5-B27B-AC4AF0C31FC9}.Release|Any CPU.ActiveCfg = Release|Any CPU
		{0CC19D22-1310-46B5-B27B-AC4AF0C31FC9}.Release|Any CPU.Build.0 = Release|Any CPU
	EndGlobalSection
EndGlobal
